
Microsoft Visual Studio Solution File, Format Version 12.00
# Visual Studio 15
VisualStudioVersion = 15.0.28307.329
MinimumVisualStudioVersion = 10.0.40219.1
Project("{9A19103F-16F7-4668-BE54-9A1E7A4F7556}") = "ExampleHttpClientMock", "ExampleHttpClientMock.csproj", "{2DB3DB6A-246D-4EA8-81B1-5F9192D14C6D}"
EndProject
Project("{FAE04EC0-301F-11D3-BF4B-00C04F79EFBC}") = "ExampleHttpClientMock.Test", "..\ExampleHttpClientMock.Test\ExampleHttpClientMock.Test.csproj", "{FA186082-64C8-4EBB-B8A8-2924D71FFFA8}"
EndProject
Global
	GlobalSection(SolutionConfigurationPlatforms) = preSolution
		Debug|Any CPU = Debug|Any CPU
		Release|Any CPU = Release|Any CPU
	EndGlobalSection
	GlobalSection(ProjectConfigurationPlatforms) = postSolution
		{2DB3DB6A-246D-4EA8-81B1-5F9192D14C6D}.Debug|Any CPU.ActiveCfg = Debug|Any CPU
		{2DB3DB6A-246D-4EA8-81B1-5F9192D14C6D}.Debug|Any CPU.Build.0 = Debug|Any CPU
		{2DB3DB6A-246D-4EA8-81B1-5F9192D14C6D}.Release|Any CPU.ActiveCfg = Release|Any CPU
		{2DB3DB6A-246D-4EA8-81B1-5F9192D14C6D}.Release|Any CPU.Build.0 = Release|Any CPU
		{FA186082-64C8-4EBB-B8A8-2924D71FFFA8}.Debug|Any CPU.ActiveCfg = Debug|Any CPU
		{FA186082-64C8-4EBB-B8A8-2924D71FFFA8}.Debug|Any CPU.Build.0 = Debug|Any CPU
		{FA186082-64C8-4EBB-B8A8-2924D71FFFA8}.Release|Any CPU.ActiveCfg = Release|Any CPU
		{FA186082-64C8-4EBB-B8A8-2924D71FFFA8}.Release|Any CPU.Build.0 = Release|Any CPU
	EndGlobalSection
	GlobalSection(SolutionProperties) = preSolution
		HideSolutionNode = FALSE
	EndGlobalSection
	GlobalSection(ExtensibilityGlobals) = postSolution
		SolutionGuid = {A6EDEDAE-D3B0-4130-B92D-2DBAA82EA04A}
	EndGlobalSection
EndGlobal
