
Microsoft Visual Studio Solution File, Format Version 12.00
# Visual Studio Version 16
VisualStudioVersion = 16.0.29102.190
MinimumVisualStudioVersion = 10.0.40219.1
Project("{FAE04EC0-301F-11D3-BF4B-00C04F79EFBC}") = "ExampleHttpClientMock", "ExampleHttpClientMock.csproj", "{2DB3DB6A-246D-4EA8-81B1-5F9192D14C6D}"
EndProject
Global
	GlobalSection(SolutionConfigurationPlatforms) = preSolution
		Debug|Any CPU = Debug|Any CPU
		Release|Any CPU = Release|Any CPU
	EndGlobalSection
	GlobalSection(ProjectConfigurationPlatforms) = postSolution
		{2DB3DB6A-246D-4EA8-81B1-5F9192D14C6D}.Debug|Any CPU.ActiveCfg = Debug|Any CPU
		{2DB3DB6A-246D-4EA8-81B1-5F9192D14C6D}.Debug|Any CPU.Build.0 = Debug|Any CPU
		{2DB3DB6A-246D-4EA8-81B1-5F9192D14C6D}.Release|Any CPU.ActiveCfg = Release|Any CPU
		{2DB3DB6A-246D-4EA8-81B1-5F9192D14C6D}.Release|Any CPU.Build.0 = Release|Any CPU
	EndGlobalSection
	GlobalSection(SolutionProperties) = preSolution
		HideSolutionNode = FALSE
	EndGlobalSection
	GlobalSection(ExtensibilityGlobals) = postSolution
		SolutionGuid = {A6EDEDAE-D3B0-4130-B92D-2DBAA82EA04A}
	EndGlobalSection
EndGlobal
